
Microsoft Visual Studio Solution File, Format Version 12.00
# Visual Studio Version 17
VisualStudioVersion = 17.5.33530.505
MinimumVisualStudioVersion = 10.0.40219.1
Project("{FAE04EC0-301F-11D3-BF4B-00C04F79EFBC}") = "TimespanToWordConversion", "TimespanToWordConversion\TimespanToWordConversion.csproj", "{590627C6-3EEF-467A-A742-3480F72E076E}"
EndProject
Global
	GlobalSection(SolutionConfigurationPlatforms) = preSolution
		Debug|Any CPU = Debug|Any CPU
		Release|Any CPU = Release|Any CPU
	EndGlobalSection
	GlobalSection(ProjectConfigurationPlatforms) = postSolution
		{590627C6-3EEF-467A-A742-3480F72E076E}.Debug|Any CPU.ActiveCfg = Debug|Any CPU
		{590627C6-3EEF-467A-A742-3480F72E076E}.Debug|Any CPU.Build.0 = Debug|Any CPU
		{590627C6-3EEF-467A-A742-3480F72E076E}.Release|Any CPU.ActiveCfg = Release|Any CPU
		{590627C6-3EEF-467A-A742-3480F72E076E}.Release|Any CPU.Build.0 = Release|Any CPU
	EndGlobalSection
	GlobalSection(SolutionProperties) = preSolution
		HideSolutionNode = FALSE
	EndGlobalSection
	GlobalSection(ExtensibilityGlobals) = postSolution
		SolutionGuid = {AD882CE6-CE35-4DD9-BA80-8B343A580B82}
	EndGlobalSection
EndGlobal
