
Microsoft Visual Studio Solution File, Format Version 12.00
# Visual Studio Version 17
VisualStudioVersion = 17.5.33530.505
MinimumVisualStudioVersion = 10.0.40219.1
Project("{FAE04EC0-301F-11D3-BF4B-00C04F79EFBC}") = "SimpleWatchApp", "SimpleWatchApp\SimpleWatchApp.csproj", "{5DF506F8-C91C-466D-ACB2-7FB68283C9FF}"
EndProject
Global
	GlobalSection(SolutionConfigurationPlatforms) = preSolution
		Debug|Any CPU = Debug|Any CPU
		Release|Any CPU = Release|Any CPU
	EndGlobalSection
	GlobalSection(ProjectConfigurationPlatforms) = postSolution
		{5DF506F8-C91C-466D-ACB2-7FB68283C9FF}.Debug|Any CPU.ActiveCfg = Debug|Any CPU
		{5DF506F8-C91C-466D-ACB2-7FB68283C9FF}.Debug|Any CPU.Build.0 = Debug|Any CPU
		{5DF506F8-C91C-466D-ACB2-7FB68283C9FF}.Release|Any CPU.ActiveCfg = Release|Any CPU
		{5DF506F8-C91C-466D-ACB2-7FB68283C9FF}.Release|Any CPU.Build.0 = Release|Any CPU
	EndGlobalSection
	GlobalSection(SolutionProperties) = preSolution
		HideSolutionNode = FALSE
	EndGlobalSection
	GlobalSection(ExtensibilityGlobals) = postSolution
		SolutionGuid = {A26512A4-1B55-4C7C-BE77-55DADBF0422C}
	EndGlobalSection
EndGlobal
